
Microsoft Visual Studio Solution File, Format Version 12.00
# Visual Studio Version 16
VisualStudioVersion = 16.0.30709.132
MinimumVisualStudioVersion = 10.0.40219.1
Project("{FAE04EC0-301F-11D3-BF4B-00C04F79EFBC}") = "SeleniumdotNetcore", "SeleniumdotNetcore\SeleniumdotNetcore.csproj", "{BB288A53-A77B-48DF-82D6-C77E4D98D031}"
EndProject
Global
	GlobalSection(SolutionConfigurationPlatforms) = preSolution
		Debug|Any CPU = Debug|Any CPU
		Release|Any CPU = Release|Any CPU
	EndGlobalSection
	GlobalSection(ProjectConfigurationPlatforms) = postSolution
		{BB288A53-A77B-48DF-82D6-C77E4D98D031}.Debug|Any CPU.ActiveCfg = Debug|Any CPU
		{BB288A53-A77B-48DF-82D6-C77E4D98D031}.Debug|Any CPU.Build.0 = Debug|Any CPU
		{BB288A53-A77B-48DF-82D6-C77E4D98D031}.Release|Any CPU.ActiveCfg = Release|Any CPU
		{BB288A53-A77B-48DF-82D6-C77E4D98D031}.Release|Any CPU.Build.0 = Release|Any CPU
	EndGlobalSection
	GlobalSection(SolutionProperties) = preSolution
		HideSolutionNode = FALSE
	EndGlobalSection
	GlobalSection(ExtensibilityGlobals) = postSolution
		SolutionGuid = {E22F2194-ECEB-40A2-93A5-C599023D1FE0}
	EndGlobalSection
EndGlobal
